
# cargo-vet imports lock

[[publisher.libc]]
version = "0.2.141"
when = "2023-04-04"
user-id = 51017
user-login = "JohnTitor"
user-name = "Yuki Okushi"

[[publisher.windows-targets]]
version = "0.52.4"
when = "2024-02-28"
user-id = 64539
user-login = "kennykerr"
user-name = "Kenny Kerr"

[[publisher.windows_aarch64_gnullvm]]
version = "0.52.4"
when = "2024-02-28"
user-id = 64539
user-login = "kennykerr"
user-name = "Kenny Kerr"

[[publisher.windows_aarch64_msvc]]
version = "0.52.4"
when = "2024-02-28"
user-id = 64539
user-login = "kennykerr"
user-name = "Kenny Kerr"

[[publisher.windows_i686_gnu]]
version = "0.52.4"
when = "2024-02-28"
user-id = 64539
user-login = "kennykerr"
user-name = "Kenny Kerr"

[[publisher.windows_i686_msvc]]
version = "0.52.4"
when = "2024-02-28"
user-id = 64539
user-login = "kennykerr"
user-name = "Kenny Kerr"

[[publisher.windows_x86_64_gnu]]
version = "0.52.4"
when = "2024-02-28"
user-id = 64539
user-login = "kennykerr"
user-name = "Kenny Kerr"

[[publisher.windows_x86_64_gnullvm]]
version = "0.52.4"
when = "2024-02-28"
user-id = 64539
user-login = "kennykerr"
user-name = "Kenny Kerr"

[[publisher.windows_x86_64_msvc]]
version = "0.52.4"
when = "2024-02-28"
user-id = 64539
user-login = "kennykerr"
user-name = "Kenny Kerr"

[audits.bytecode-alliance.audits]

[audits.embark-studios.audits]

[audits.mozilla.audits]
